
Microsoft Visual Studio Solution File, Format Version 12.00
# Visual Studio Version 16
VisualStudioVersion = 16.0.31424.327
MinimumVisualStudioVersion = 10.0.40219.1
Project("{FAE04EC0-301F-11D3-BF4B-00C04F79EFBC}") = "EntitiyFrameworkRelations", "EntitiyFrameworkRelations.csproj", "{03F7C126-549A-42E1-94AF-0653AAAF202F}"
EndProject
Global
	GlobalSection(SolutionConfigurationPlatforms) = preSolution
		Debug|Any CPU = Debug|Any CPU
		Release|Any CPU = Release|Any CPU
	EndGlobalSection
	GlobalSection(ProjectConfigurationPlatforms) = postSolution
		{03F7C126-549A-42E1-94AF-0653AAAF202F}.Debug|Any CPU.ActiveCfg = Debug|Any CPU
		{03F7C126-549A-42E1-94AF-0653AAAF202F}.Debug|Any CPU.Build.0 = Debug|Any CPU
		{03F7C126-549A-42E1-94AF-0653AAAF202F}.Release|Any CPU.ActiveCfg = Release|Any CPU
		{03F7C126-549A-42E1-94AF-0653AAAF202F}.Release|Any CPU.Build.0 = Release|Any CPU
	EndGlobalSection
	GlobalSection(SolutionProperties) = preSolution
		HideSolutionNode = FALSE
	EndGlobalSection
	GlobalSection(ExtensibilityGlobals) = postSolution
		SolutionGuid = {9B32AB61-1579-4255-8CEF-3E67BC9EDBBC}
	EndGlobalSection
EndGlobal
